{
  "name": "edu.vallauri.pallina",
  "version": "1.0.0",
  "lockfileVersion": 2,
  "requires": true,
  "packages": {
    "": {
      "name": "edu.vallauri.pallina",
      "version": "1.0.0",
      "license": "Apache-2.0",
      "devDependencies": {
        "android": "^0.0.8"
      }
    },
    "node_modules/android": {
      "version": "0.0.8",
      "resolved": "https://registry.npmjs.org/android/-/android-0.0.8.tgz",
      "integrity": "sha1-pbA96SDXQ3o0zOzuXuEn7x5Elak=",
      "dev": true
    }
  },
  "dependencies": {
    "android": {
      "version": "0.0.8",
      "resolved": "https://registry.npmjs.org/android/-/android-0.0.8.tgz",
      "integrity": "sha1-pbA96SDXQ3o0zOzuXuEn7x5Elak=",
      "dev": true
    }
  }
}
